
Microsoft Visual Studio Solution File, Format Version 12.00
# Visual Studio Version 17
VisualStudioVersion = 17.0.31903.59
MinimumVisualStudioVersion = 10.0.40219.1
Project("{FAE04EC0-301F-11D3-BF4B-00C04F79EFBC}") = "VodacomeConsoleApp", "VodacomeConsoleApp\VodacomeConsoleApp.csproj", "{B77D1426-BB90-4310-9D73-5E23C2F79DCC}"
EndProject
Global
	GlobalSection(SolutionConfigurationPlatforms) = preSolution
		Debug|Any CPU = Debug|Any CPU
		Release|Any CPU = Release|Any CPU
	EndGlobalSection
	GlobalSection(SolutionProperties) = preSolution
		HideSolutionNode = FALSE
	EndGlobalSection
	GlobalSection(ProjectConfigurationPlatforms) = postSolution
		{B77D1426-BB90-4310-9D73-5E23C2F79DCC}.Debug|Any CPU.ActiveCfg = Debug|Any CPU
		{B77D1426-BB90-4310-9D73-5E23C2F79DCC}.Debug|Any CPU.Build.0 = Debug|Any CPU
		{B77D1426-BB90-4310-9D73-5E23C2F79DCC}.Release|Any CPU.ActiveCfg = Release|Any CPU
		{B77D1426-BB90-4310-9D73-5E23C2F79DCC}.Release|Any CPU.Build.0 = Release|Any CPU
	EndGlobalSection
EndGlobal

